
Microsoft Visual Studio Solution File, Format Version 12.00
# Visual Studio Version 16
VisualStudioVersion = 16.0.31205.134
MinimumVisualStudioVersion = 10.0.40219.1
Project("{FAE04EC0-301F-11D3-BF4B-00C04F79EFBC}") = "CommandAPI", "CommandAPI\CommandAPI.csproj", "{2EBBB77C-460E-4156-9D74-DA63509B76D7}"
EndProject
Global
	GlobalSection(SolutionConfigurationPlatforms) = preSolution
		Debug|Any CPU = Debug|Any CPU
		Release|Any CPU = Release|Any CPU
	EndGlobalSection
	GlobalSection(ProjectConfigurationPlatforms) = postSolution
		{2EBBB77C-460E-4156-9D74-DA63509B76D7}.Debug|Any CPU.ActiveCfg = Debug|Any CPU
		{2EBBB77C-460E-4156-9D74-DA63509B76D7}.Debug|Any CPU.Build.0 = Debug|Any CPU
		{2EBBB77C-460E-4156-9D74-DA63509B76D7}.Release|Any CPU.ActiveCfg = Release|Any CPU
		{2EBBB77C-460E-4156-9D74-DA63509B76D7}.Release|Any CPU.Build.0 = Release|Any CPU
	EndGlobalSection
	GlobalSection(SolutionProperties) = preSolution
		HideSolutionNode = FALSE
	EndGlobalSection
	GlobalSection(ExtensibilityGlobals) = postSolution
		SolutionGuid = {82A89121-2F86-4485-9F6A-8B87EF2EC2B2}
	EndGlobalSection
EndGlobal
